// !$*UTF8*$!
{
	archiveVersion = 1;
	classes = {
	};
	objectVersion = 56;
	objects = {

/* Begin PBXBuildFile section */
		5007247C2A120F0800A728C3 /* AppDelegate.swift in Sources */ = {isa = PBXBuildFile; fileRef = 5007247B2A120F0800A728C3 /* AppDelegate.swift */; };
		5007247E2A120F0800A728C3 /* SceneDelegate.swift in Sources */ = {isa = PBXBuildFile; fileRef = 5007247D2A120F0800A728C3 /* SceneDelegate.swift */; };
		500724802A120F0800A728C3 /* LandingViewController.swift in Sources */ = {isa = PBXBuildFile; fileRef = 5007247F2A120F0800A728C3 /* LandingViewController.swift */; };
		500724852A120F0900A728C3 /* Assets.xcassets in Resources */ = {isa = PBXBuildFile; fileRef = 500724842A120F0900A728C3 /* Assets.xcassets */; };
		500724882A120F0900A728C3 /* LaunchScreen.storyboard in Resources */ = {isa = PBXBuildFile; fileRef = 500724862A120F0900A728C3 /* LaunchScreen.storyboard */; };
		500724912A12126400A728C3 /* LoginViewController.swift in Sources */ = {isa = PBXBuildFile; fileRef = 500724902A12126400A728C3 /* LoginViewController.swift */; };
		500724A42A121D0400A728C3 /* FontExtension.swift in Sources */ = {isa = PBXBuildFile; fileRef = 500724A32A121D0400A728C3 /* FontExtension.swift */; };
		500724B02A12326800A728C3 /* Roboto-Italic.ttf in Resources */ = {isa = PBXBuildFile; fileRef = 500724AB2A12326700A728C3 /* Roboto-Italic.ttf */; };
		500724B12A12326800A728C3 /* Roboto-Medium.ttf in Resources */ = {isa = PBXBuildFile; fileRef = 500724AC2A12326700A728C3 /* Roboto-Medium.ttf */; };
		500724B22A12326800A728C3 /* Roboto-Bold.ttf in Resources */ = {isa = PBXBuildFile; fileRef = 500724AD2A12326800A728C3 /* Roboto-Bold.ttf */; };
		500724B32A12326800A728C3 /* Roboto-Light.ttf in Resources */ = {isa = PBXBuildFile; fileRef = 500724AE2A12326800A728C3 /* Roboto-Light.ttf */; };
		500724B42A12326800A728C3 /* Roboto-Regular.ttf in Resources */ = {isa = PBXBuildFile; fileRef = 500724AF2A12326800A728C3 /* Roboto-Regular.ttf */; };
		500768402A1616560054EC77 /* Buttons.swift in Sources */ = {isa = PBXBuildFile; fileRef = 5007683F2A1616560054EC77 /* Buttons.swift */; };
		500768422A1623410054EC77 /* Labels.swift in Sources */ = {isa = PBXBuildFile; fileRef = 500768412A1623410054EC77 /* Labels.swift */; };
		504DB88A2A13417F0040932D /* SignupViewController.swift in Sources */ = {isa = PBXBuildFile; fileRef = 504DB8892A13417F0040932D /* SignupViewController.swift */; };
		504DB88C2A135D7D0040932D /* VerificationViewController.swift in Sources */ = {isa = PBXBuildFile; fileRef = 504DB88B2A135D7D0040932D /* VerificationViewController.swift */; };
		504DB88E2A1362E00040932D /* PropertyWrapper.swift in Sources */ = {isa = PBXBuildFile; fileRef = 504DB88D2A1362E00040932D /* PropertyWrapper.swift */; };
		504DB8902A1382530040932D /* OtpVerificationViewController.swift in Sources */ = {isa = PBXBuildFile; fileRef = 504DB88F2A1382530040932D /* OtpVerificationViewController.swift */; };
		504DB8922A138E910040932D /* UIViewExtension.swift in Sources */ = {isa = PBXBuildFile; fileRef = 504DB8912A138E910040932D /* UIViewExtension.swift */; };
		509BFE682A14A35F005E863E /* UIColorExtension.swift in Sources */ = {isa = PBXBuildFile; fileRef = 509BFE672A14A35F005E863E /* UIColorExtension.swift */; };
		509BFE6A2A14DA46005E863E /* DemoViewController.swift in Sources */ = {isa = PBXBuildFile; fileRef = 509BFE692A14DA46005E863E /* DemoViewController.swift */; };
		FBA12C5BC6B5778B37FF0C89 /* Pods_FreshKtm.framework in Frameworks */ = {isa = PBXBuildFile; fileRef = 54D27D5CC5D9F825BBE926D6 /* Pods_FreshKtm.framework */; };
/* End PBXBuildFile section */

/* Begin PBXFileReference section */
		0DDE5986D83714546A940AAC /* Pods-FreshKtm.debug.xcconfig */ = {isa = PBXFileReference; includeInIndex = 1; lastKnownFileType = text.xcconfig; name = "Pods-FreshKtm.debug.xcconfig"; path = "Target Support Files/Pods-FreshKtm/Pods-FreshKtm.debug.xcconfig"; sourceTree = "<group>"; };
		500724782A120F0800A728C3 /* FreshKtm.app */ = {isa = PBXFileReference; explicitFileType = wrapper.application; includeInIndex = 0; path = FreshKtm.app; sourceTree = BUILT_PRODUCTS_DIR; };
		5007247B2A120F0800A728C3 /* AppDelegate.swift */ = {isa = PBXFileReference; lastKnownFileType = sourcecode.swift; path = AppDelegate.swift; sourceTree = "<group>"; };
		5007247D2A120F0800A728C3 /* SceneDelegate.swift */ = {isa = PBXFileReference; lastKnownFileType = sourcecode.swift; path = SceneDelegate.swift; sourceTree = "<group>"; };
		5007247F2A120F0800A728C3 /* LandingViewController.swift */ = {isa = PBXFileReference; lastKnownFileType = sourcecode.swift; path = LandingViewController.swift; sourceTree = "<group>"; };
		500724842A120F0900A728C3 /* Assets.xcassets */ = {isa = PBXFileReference; lastKnownFileType = folder.assetcatalog; path = Assets.xcassets; sourceTree = "<group>"; };
		500724872A120F0900A728C3 /* Base */ = {isa = PBXFileReference; lastKnownFileType = file.storyboard; name = Base; path = Base.lproj/LaunchScreen.storyboard; sourceTree = "<group>"; };
		500724892A120F0900A728C3 /* Info.plist */ = {isa = PBXFileReference; lastKnownFileType = text.plist.xml; path = Info.plist; sourceTree = "<group>"; };
		500724902A12126400A728C3 /* LoginViewController.swift */ = {isa = PBXFileReference; lastKnownFileType = sourcecode.swift; path = LoginViewController.swift; sourceTree = "<group>"; };
		500724A32A121D0400A728C3 /* FontExtension.swift */ = {isa = PBXFileReference; lastKnownFileType = sourcecode.swift; path = FontExtension.swift; sourceTree = "<group>"; };
		500724AB2A12326700A728C3 /* Roboto-Italic.ttf */ = {isa = PBXFileReference; lastKnownFileType = file; path = "Roboto-Italic.ttf"; sourceTree = "<group>"; };
		500724AC2A12326700A728C3 /* Roboto-Medium.ttf */ = {isa = PBXFileReference; lastKnownFileType = file; path = "Roboto-Medium.ttf"; sourceTree = "<group>"; };
		500724AD2A12326800A728C3 /* Roboto-Bold.ttf */ = {isa = PBXFileReference; lastKnownFileType = file; path = "Roboto-Bold.ttf"; sourceTree = "<group>"; };
		500724AE2A12326800A728C3 /* Roboto-Light.ttf */ = {isa = PBXFileReference; lastKnownFileType = file; path = "Roboto-Light.ttf"; sourceTree = "<group>"; };
		500724AF2A12326800A728C3 /* Roboto-Regular.ttf */ = {isa = PBXFileReference; lastKnownFileType = file; path = "Roboto-Regular.ttf"; sourceTree = "<group>"; };
		5007683F2A1616560054EC77 /* Buttons.swift */ = {isa = PBXFileReference; lastKnownFileType = sourcecode.swift; path = Buttons.swift; sourceTree = "<group>"; };
		500768412A1623410054EC77 /* Labels.swift */ = {isa = PBXFileReference; lastKnownFileType = sourcecode.swift; path = Labels.swift; sourceTree = "<group>"; };
		504DB8892A13417F0040932D /* SignupViewController.swift */ = {isa = PBXFileReference; lastKnownFileType = sourcecode.swift; path = SignupViewController.swift; sourceTree = "<group>"; };
		504DB88B2A135D7D0040932D /* VerificationViewController.swift */ = {isa = PBXFileReference; lastKnownFileType = sourcecode.swift; path = VerificationViewController.swift; sourceTree = "<group>"; };
		504DB88D2A1362E00040932D /* PropertyWrapper.swift */ = {isa = PBXFileReference; lastKnownFileType = sourcecode.swift; path = PropertyWrapper.swift; sourceTree = "<group>"; };
		504DB88F2A1382530040932D /* OtpVerificationViewController.swift */ = {isa = PBXFileReference; lastKnownFileType = sourcecode.swift; path = OtpVerificationViewController.swift; sourceTree = "<group>"; };
		504DB8912A138E910040932D /* UIViewExtension.swift */ = {isa = PBXFileReference; lastKnownFileType = sourcecode.swift; path = UIViewExtension.swift; sourceTree = "<group>"; };
		509BFE672A14A35F005E863E /* UIColorExtension.swift */ = {isa = PBXFileReference; lastKnownFileType = sourcecode.swift; path = UIColorExtension.swift; sourceTree = "<group>"; };
		509BFE692A14DA46005E863E /* DemoViewController.swift */ = {isa = PBXFileReference; lastKnownFileType = sourcecode.swift; path = DemoViewController.swift; sourceTree = "<group>"; };
		54D27D5CC5D9F825BBE926D6 /* Pods_FreshKtm.framework */ = {isa = PBXFileReference; explicitFileType = wrapper.framework; includeInIndex = 0; path = Pods_FreshKtm.framework; sourceTree = BUILT_PRODUCTS_DIR; };
		F0CC48C3BEC4191D8650D701 /* Pods-FreshKtm.release.xcconfig */ = {isa = PBXFileReference; includeInIndex = 1; lastKnownFileType = text.xcconfig; name = "Pods-FreshKtm.release.xcconfig"; path = "Target Support Files/Pods-FreshKtm/Pods-FreshKtm.release.xcconfig"; sourceTree = "<group>"; };
/* End PBXFileReference section */

/* Begin PBXFrameworksBuildPhase section */
		500724752A120F0800A728C3 /* Frameworks */ = {
			isa = PBXFrameworksBuildPhase;
			buildActionMask = 2147483647;
			files = (
				FBA12C5BC6B5778B37FF0C89 /* Pods_FreshKtm.framework in Frameworks */,
			);
			runOnlyForDeploymentPostprocessing = 0;
		};
/* End PBXFrameworksBuildPhase section */

/* Begin PBXGroup section */
		5007246F2A120F0800A728C3 = {
			isa = PBXGroup;
			children = (
				5007247A2A120F0800A728C3 /* FreshKtm */,
				500724792A120F0800A728C3 /* Products */,
				BB7F87503E762F665F96192E /* Pods */,
				8C7717FDE220CE35B2DE9D03 /* Frameworks */,
			);
			sourceTree = "<group>";
		};
		500724792A120F0800A728C3 /* Products */ = {
			isa = PBXGroup;
			children = (
				500724782A120F0800A728C3 /* FreshKtm.app */,
			);
			name = Products;
			sourceTree = "<group>";
		};
		5007247A2A120F0800A728C3 /* FreshKtm */ = {
			isa = PBXGroup;
			children = (
				500724A12A121CD400A728C3 /* Helpers */,
				500724932A1217CE00A728C3 /* Resources */,
				5007248F2A12123C00A728C3 /* Supporting Files */,
				500724922A1212C900A728C3 /* Controllers */,
				500724842A120F0900A728C3 /* Assets.xcassets */,
				500724892A120F0900A728C3 /* Info.plist */,
				5007683F2A1616560054EC77 /* Buttons.swift */,
				500768412A1623410054EC77 /* Labels.swift */,
			);
			path = FreshKtm;
			sourceTree = "<group>";
		};
		5007248F2A12123C00A728C3 /* Supporting Files */ = {
			isa = PBXGroup;
			children = (
				5007247B2A120F0800A728C3 /* AppDelegate.swift */,
				5007247D2A120F0800A728C3 /* SceneDelegate.swift */,
				500724862A120F0900A728C3 /* LaunchScreen.storyboard */,
			);
			path = "Supporting Files";
			sourceTree = "<group>";
		};
		500724922A1212C900A728C3 /* Controllers */ = {
			isa = PBXGroup;
			children = (
				5007247F2A120F0800A728C3 /* LandingViewController.swift */,
				500724902A12126400A728C3 /* LoginViewController.swift */,
				504DB8892A13417F0040932D /* SignupViewController.swift */,
				504DB88B2A135D7D0040932D /* VerificationViewController.swift */,
				504DB88F2A1382530040932D /* OtpVerificationViewController.swift */,
				509BFE692A14DA46005E863E /* DemoViewController.swift */,
			);
			path = Controllers;
			sourceTree = "<group>";
		};
		500724932A1217CE00A728C3 /* Resources */ = {
			isa = PBXGroup;
			children = (
				500724942A1217D700A728C3 /* Fonts */,
			);
			path = Resources;
			sourceTree = "<group>";
		};
		500724942A1217D700A728C3 /* Fonts */ = {
			isa = PBXGroup;
			children = (
				500724AD2A12326800A728C3 /* Roboto-Bold.ttf */,
				500724AB2A12326700A728C3 /* Roboto-Italic.ttf */,
				500724AE2A12326800A728C3 /* Roboto-Light.ttf */,
				500724AC2A12326700A728C3 /* Roboto-Medium.ttf */,
				500724AF2A12326800A728C3 /* Roboto-Regular.ttf */,
			);
			path = Fonts;
			sourceTree = "<group>";
		};
		500724A12A121CD400A728C3 /* Helpers */ = {
			isa = PBXGroup;
			children = (
				500724A32A121D0400A728C3 /* FontExtension.swift */,
				504DB88D2A1362E00040932D /* PropertyWrapper.swift */,
				504DB8912A138E910040932D /* UIViewExtension.swift */,
				509BFE672A14A35F005E863E /* UIColorExtension.swift */,
			);
			path = Helpers;
			sourceTree = "<group>";
		};
		8C7717FDE220CE35B2DE9D03 /* Frameworks */ = {
			isa = PBXGroup;
			children = (
				54D27D5CC5D9F825BBE926D6 /* Pods_FreshKtm.framework */,
			);
			name = Frameworks;
			sourceTree = "<group>";
		};
		BB7F87503E762F665F96192E /* Pods */ = {
			isa = PBXGroup;
			children = (
				0DDE5986D83714546A940AAC /* Pods-FreshKtm.debug.xcconfig */,
				F0CC48C3BEC4191D8650D701 /* Pods-FreshKtm.release.xcconfig */,
			);
			path = Pods;
			sourceTree = "<group>";
		};
/* End PBXGroup section */

/* Begin PBXNativeTarget section */
		500724772A120F0800A728C3 /* FreshKtm */ = {
			isa = PBXNativeTarget;
			buildConfigurationList = 5007248C2A120F0900A728C3 /* Build configuration list for PBXNativeTarget "FreshKtm" */;
			buildPhases = (
				6872FB9CD1B1E04BC352B168 /* [CP] Check Pods Manifest.lock */,
				500724742A120F0800A728C3 /* Sources */,
				500724752A120F0800A728C3 /* Frameworks */,
				500724762A120F0800A728C3 /* Resources */,
				9A226C9DAA9A27EF4C8A8924 /* [CP] Embed Pods Frameworks */,
			);
			buildRules = (
			);
			dependencies = (
			);
			name = FreshKtm;
			productName = FreshKtm;
			productReference = 500724782A120F0800A728C3 /* FreshKtm.app */;
			productType = "com.apple.product-type.application";
		};
/* End PBXNativeTarget section */

/* Begin PBXProject section */
		500724702A120F0800A728C3 /* Project object */ = {
			isa = PBXProject;
			attributes = {
				BuildIndependentTargetsInParallel = 1;
				LastSwiftUpdateCheck = 1430;
				LastUpgradeCheck = 1430;
				TargetAttributes = {
					500724772A120F0800A728C3 = {
						CreatedOnToolsVersion = 14.3;
					};
				};
			};
			buildConfigurationList = 500724732A120F0800A728C3 /* Build configuration list for PBXProject "FreshKtm" */;
			compatibilityVersion = "Xcode 14.0";
			developmentRegion = en;
			hasScannedForEncodings = 0;
			knownRegions = (
				en,
				Base,
			);
			mainGroup = 5007246F2A120F0800A728C3;
			productRefGroup = 500724792A120F0800A728C3 /* Products */;
			projectDirPath = "";
			projectRoot = "";
			targets = (
				500724772A120F0800A728C3 /* FreshKtm */,
			);
		};
/* End PBXProject section */

/* Begin PBXResourcesBuildPhase section */
		500724762A120F0800A728C3 /* Resources */ = {
			isa = PBXResourcesBuildPhase;
			buildActionMask = 2147483647;
			files = (
				500724B12A12326800A728C3 /* Roboto-Medium.ttf in Resources */,
				500724B42A12326800A728C3 /* Roboto-Regular.ttf in Resources */,
				500724882A120F0900A728C3 /* LaunchScreen.storyboard in Resources */,
				500724B32A12326800A728C3 /* Roboto-Light.ttf in Resources */,
				500724B22A12326800A728C3 /* Roboto-Bold.ttf in Resources */,
				500724B02A12326800A728C3 /* Roboto-Italic.ttf in Resources */,
				500724852A120F0900A728C3 /* Assets.xcassets in Resources */,
			);
			runOnlyForDeploymentPostprocessing = 0;
		};
/* End PBXResourcesBuildPhase section */

/* Begin PBXShellScriptBuildPhase section */
		6872FB9CD1B1E04BC352B168 /* [CP] Check Pods Manifest.lock */ = {
			isa = PBXShellScriptBuildPhase;
			buildActionMask = 2147483647;
			files = (
			);
			inputFileListPaths = (
			);
			inputPaths = (
				"${PODS_PODFILE_DIR_PATH}/Podfile.lock",
				"${PODS_ROOT}/Manifest.lock",
			);
			name = "[CP] Check Pods Manifest.lock";
			outputFileListPaths = (
			);
			outputPaths = (
				"$(DERIVED_FILE_DIR)/Pods-FreshKtm-checkManifestLockResult.txt",
			);
			runOnlyForDeploymentPostprocessing = 0;
			shellPath = /bin/sh;
			shellScript = "diff \"${PODS_PODFILE_DIR_PATH}/Podfile.lock\" \"${PODS_ROOT}/Manifest.lock\" > /dev/null\nif [ $? != 0 ] ; then\n    # print error to STDERR\n    echo \"error: The sandbox is not in sync with the Podfile.lock. Run 'pod install' or update your CocoaPods installation.\" >&2\n    exit 1\nfi\n# This output is used by Xcode 'outputs' to avoid re-running this script phase.\necho \"SUCCESS\" > \"${SCRIPT_OUTPUT_FILE_0}\"\n";
			showEnvVarsInLog = 0;
		};
		9A226C9DAA9A27EF4C8A8924 /* [CP] Embed Pods Frameworks */ = {
			isa = PBXShellScriptBuildPhase;
			buildActionMask = 2147483647;
			files = (
			);
			inputFileListPaths = (
				"${PODS_ROOT}/Target Support Files/Pods-FreshKtm/Pods-FreshKtm-frameworks-${CONFIGURATION}-input-files.xcfilelist",
			);
			name = "[CP] Embed Pods Frameworks";
			outputFileListPaths = (
				"${PODS_ROOT}/Target Support Files/Pods-FreshKtm/Pods-FreshKtm-frameworks-${CONFIGURATION}-output-files.xcfilelist",
			);
			runOnlyForDeploymentPostprocessing = 0;
			shellPath = /bin/sh;
			shellScript = "\"${PODS_ROOT}/Target Support Files/Pods-FreshKtm/Pods-FreshKtm-frameworks.sh\"\n";
			showEnvVarsInLog = 0;
		};
/* End PBXShellScriptBuildPhase section */

/* Begin PBXSourcesBuildPhase section */
		500724742A120F0800A728C3 /* Sources */ = {
			isa = PBXSourcesBuildPhase;
			buildActionMask = 2147483647;
			files = (
				500724A42A121D0400A728C3 /* FontExtension.swift in Sources */,
				504DB8902A1382530040932D /* OtpVerificationViewController.swift in Sources */,
				504DB8922A138E910040932D /* UIViewExtension.swift in Sources */,
				500768402A1616560054EC77 /* Buttons.swift in Sources */,
				509BFE6A2A14DA46005E863E /* DemoViewController.swift in Sources */,
				504DB88A2A13417F0040932D /* SignupViewController.swift in Sources */,
				504DB88C2A135D7D0040932D /* VerificationViewController.swift in Sources */,
				500724912A12126400A728C3 /* LoginViewController.swift in Sources */,
				500724802A120F0800A728C3 /* LandingViewController.swift in Sources */,
				5007247C2A120F0800A728C3 /* AppDelegate.swift in Sources */,
				500768422A1623410054EC77 /* Labels.swift in Sources */,
				5007247E2A120F0800A728C3 /* SceneDelegate.swift in Sources */,
				504DB88E2A1362E00040932D /* PropertyWrapper.swift in Sources */,
				509BFE682A14A35F005E863E /* UIColorExtension.swift in Sources */,
			);
			runOnlyForDeploymentPostprocessing = 0;
		};
/* End PBXSourcesBuildPhase section */

/* Begin PBXVariantGroup section */
		500724862A120F0900A728C3 /* LaunchScreen.storyboard */ = {
			isa = PBXVariantGroup;
			children = (
				500724872A120F0900A728C3 /* Base */,
			);
			name = LaunchScreen.storyboard;
			sourceTree = "<group>";
		};
/* End PBXVariantGroup section */

/* Begin XCBuildConfiguration section */
		5007248A2A120F0900A728C3 /* Debug */ = {
			isa = XCBuildConfiguration;
			buildSettings = {
				ALWAYS_SEARCH_USER_PATHS = NO;
				CLANG_ANALYZER_NONNULL = YES;
				CLANG_ANALYZER_NUMBER_OBJECT_CONVERSION = YES_AGGRESSIVE;
				CLANG_CXX_LANGUAGE_STANDARD = "gnu++20";
				CLANG_ENABLE_MODULES = YES;
				CLANG_ENABLE_OBJC_ARC = YES;
				CLANG_ENABLE_OBJC_WEAK = YES;
				CLANG_WARN_BLOCK_CAPTURE_AUTORELEASING = YES;
				CLANG_WARN_BOOL_CONVERSION = YES;
				CLANG_WARN_COMMA = YES;
				CLANG_WARN_CONSTANT_CONVERSION = YES;
				CLANG_WARN_DEPRECATED_OBJC_IMPLEMENTATIONS = YES;
				CLANG_WARN_DIRECT_OBJC_ISA_USAGE = YES_ERROR;
				CLANG_WARN_DOCUMENTATION_COMMENTS = YES;
				CLANG_WARN_EMPTY_BODY = YES;
				CLANG_WARN_ENUM_CONVERSION = YES;
				CLANG_WARN_INFINITE_RECURSION = YES;
				CLANG_WARN_INT_CONVERSION = YES;
				CLANG_WARN_NON_LITERAL_NULL_CONVERSION = YES;
				CLANG_WARN_OBJC_IMPLICIT_RETAIN_SELF = YES;
				CLANG_WARN_OBJC_LITERAL_CONVERSION = YES;
				CLANG_WARN_OBJC_ROOT_CLASS = YES_ERROR;
				CLANG_WARN_QUOTED_INCLUDE_IN_FRAMEWORK_HEADER = YES;
				CLANG_WARN_RANGE_LOOP_ANALYSIS = YES;
				CLANG_WARN_STRICT_PROTOTYPES = YES;
				CLANG_WARN_SUSPICIOUS_MOVE = YES;
				CLANG_WARN_UNGUARDED_AVAILABILITY = YES_AGGRESSIVE;
				CLANG_WARN_UNREACHABLE_CODE = YES;
				CLANG_WARN__DUPLICATE_METHOD_MATCH = YES;
				COPY_PHASE_STRIP = NO;
				DEBUG_INFORMATION_FORMAT = dwarf;
				ENABLE_STRICT_OBJC_MSGSEND = YES;
				ENABLE_TESTABILITY = YES;
				GCC_C_LANGUAGE_STANDARD = gnu11;
				GCC_DYNAMIC_NO_PIC = NO;
				GCC_NO_COMMON_BLOCKS = YES;
				GCC_OPTIMIZATION_LEVEL = 0;
				GCC_PREPROCESSOR_DEFINITIONS = (
					"DEBUG=1",
					"$(inherited)",
				);
				GCC_WARN_64_TO_32_BIT_CONVERSION = YES;
				GCC_WARN_ABOUT_RETURN_TYPE = YES_ERROR;
				GCC_WARN_UNDECLARED_SELECTOR = YES;
				GCC_WARN_UNINITIALIZED_AUTOS = YES_AGGRESSIVE;
				GCC_WARN_UNUSED_FUNCTION = YES;
				GCC_WARN_UNUSED_VARIABLE = YES;
				IPHONEOS_DEPLOYMENT_TARGET = 16.4;
				MTL_ENABLE_DEBUG_INFO = INCLUDE_SOURCE;
				MTL_FAST_MATH = YES;
				ONLY_ACTIVE_ARCH = YES;
				SDKROOT = iphoneos;
				SWIFT_ACTIVE_COMPILATION_CONDITIONS = DEBUG;
				SWIFT_OPTIMIZATION_LEVEL = "-Onone";
			};
			name = Debug;
		};
		5007248B2A120F0900A728C3 /* Release */ = {
			isa = XCBuildConfiguration;
			buildSettings = {
				ALWAYS_SEARCH_USER_PATHS = NO;
				CLANG_ANALYZER_NONNULL = YES;
				CLANG_ANALYZER_NUMBER_OBJECT_CONVERSION = YES_AGGRESSIVE;
				CLANG_CXX_LANGUAGE_STANDARD = "gnu++20";
				CLANG_ENABLE_MODULES = YES;
				CLANG_ENABLE_OBJC_ARC = YES;
				CLANG_ENABLE_OBJC_WEAK = YES;
				CLANG_WARN_BLOCK_CAPTURE_AUTORELEASING = YES;
				CLANG_WARN_BOOL_CONVERSION = YES;
				CLANG_WARN_COMMA = YES;
				CLANG_WARN_CONSTANT_CONVERSION = YES;
				CLANG_WARN_DEPRECATED_OBJC_IMPLEMENTATIONS = YES;
				CLANG_WARN_DIRECT_OBJC_ISA_USAGE = YES_ERROR;
				CLANG_WARN_DOCUMENTATION_COMMENTS = YES;
				CLANG_WARN_EMPTY_BODY = YES;
				CLANG_WARN_ENUM_CONVERSION = YES;
				CLANG_WARN_INFINITE_RECURSION = YES;
				CLANG_WARN_INT_CONVERSION = YES;
				CLANG_WARN_NON_LITERAL_NULL_CONVERSION = YES;
				CLANG_WARN_OBJC_IMPLICIT_RETAIN_SELF = YES;
				CLANG_WARN_OBJC_LITERAL_CONVERSION = YES;
				CLANG_WARN_OBJC_ROOT_CLASS = YES_ERROR;
				CLANG_WARN_QUOTED_INCLUDE_IN_FRAMEWORK_HEADER = YES;
				CLANG_WARN_RANGE_LOOP_ANALYSIS = YES;
				CLANG_WARN_STRICT_PROTOTYPES = YES;
				CLANG_WARN_SUSPICIOUS_MOVE = YES;
				CLANG_WARN_UNGUARDED_AVAILABILITY = YES_AGGRESSIVE;
				CLANG_WARN_UNREACHABLE_CODE = YES;
				CLANG_WARN__DUPLICATE_METHOD_MATCH = YES;
				COPY_PHASE_STRIP = NO;
				DEBUG_INFORMATION_FORMAT = "dwarf-with-dsym";
				ENABLE_NS_ASSERTIONS = NO;
				ENABLE_STRICT_OBJC_MSGSEND = YES;
				GCC_C_LANGUAGE_STANDARD = gnu11;
				GCC_NO_COMMON_BLOCKS = YES;
				GCC_WARN_64_TO_32_BIT_CONVERSION = YES;
				GCC_WARN_ABOUT_RETURN_TYPE = YES_ERROR;
				GCC_WARN_UNDECLARED_SELECTOR = YES;
				GCC_WARN_UNINITIALIZED_AUTOS = YES_AGGRESSIVE;
				GCC_WARN_UNUSED_FUNCTION = YES;
				GCC_WARN_UNUSED_VARIABLE = YES;
				IPHONEOS_DEPLOYMENT_TARGET = 16.4;
				MTL_ENABLE_DEBUG_INFO = NO;
				MTL_FAST_MATH = YES;
				SDKROOT = iphoneos;
				SWIFT_COMPILATION_MODE = wholemodule;
				SWIFT_OPTIMIZATION_LEVEL = "-O";
				VALIDATE_PRODUCT = YES;
			};
			name = Release;
		};
		5007248D2A120F0900A728C3 /* Debug */ = {
			isa = XCBuildConfiguration;
			baseConfigurationReference = 0DDE5986D83714546A940AAC /* Pods-FreshKtm.debug.xcconfig */;
			buildSettings = {
				ASSETCATALOG_COMPILER_APPICON_NAME = AppIcon;
				ASSETCATALOG_COMPILER_GLOBAL_ACCENT_COLOR_NAME = AccentColor;
				CODE_SIGN_STYLE = Automatic;
				CURRENT_PROJECT_VERSION = 1;
				DEVELOPMENT_TEAM = WU69N4C677;
				GENERATE_INFOPLIST_FILE = YES;
				INFOPLIST_FILE = FreshKtm/Info.plist;
				INFOPLIST_KEY_UIApplicationSupportsIndirectInputEvents = YES;
				INFOPLIST_KEY_UILaunchStoryboardName = LaunchScreen;
				INFOPLIST_KEY_UIMainStoryboardFile = "";
				INFOPLIST_KEY_UISupportedInterfaceOrientations_iPad = "UIInterfaceOrientationPortrait UIInterfaceOrientationPortraitUpsideDown UIInterfaceOrientationLandscapeLeft UIInterfaceOrientationLandscapeRight";
				INFOPLIST_KEY_UISupportedInterfaceOrientations_iPhone = "UIInterfaceOrientationPortrait UIInterfaceOrientationLandscapeLeft UIInterfaceOrientationLandscapeRight";
				LD_RUNPATH_SEARCH_PATHS = (
					"$(inherited)",
					"@executable_path/Frameworks",
				);
				MARKETING_VERSION = 1.0;
				PRODUCT_BUNDLE_IDENTIFIER = com.sangesherpa.FreshKtm;
				PRODUCT_NAME = "$(TARGET_NAME)";
				SWIFT_EMIT_LOC_STRINGS = YES;
				SWIFT_VERSION = 5.0;
				TARGETED_DEVICE_FAMILY = "1,2";
			};
			name = Debug;
		};
		5007248E2A120F0900A728C3 /* Release */ = {
			isa = XCBuildConfiguration;
			baseConfigurationReference = F0CC48C3BEC4191D8650D701 /* Pods-FreshKtm.release.xcconfig */;
			buildSettings = {
				ASSETCATALOG_COMPILER_APPICON_NAME = AppIcon;
				ASSETCATALOG_COMPILER_GLOBAL_ACCENT_COLOR_NAME = AccentColor;
				CODE_SIGN_STYLE = Automatic;
				CURRENT_PROJECT_VERSION = 1;
				DEVELOPMENT_TEAM = WU69N4C677;
				GENERATE_INFOPLIST_FILE = YES;
				INFOPLIST_FILE = FreshKtm/Info.plist;
				INFOPLIST_KEY_UIApplicationSupportsIndirectInputEvents = YES;
				INFOPLIST_KEY_UILaunchStoryboardName = LaunchScreen;
				INFOPLIST_KEY_UIMainStoryboardFile = "";
				INFOPLIST_KEY_UISupportedInterfaceOrientations_iPad = "UIInterfaceOrientationPortrait UIInterfaceOrientationPortraitUpsideDown UIInterfaceOrientationLandscapeLeft UIInterfaceOrientationLandscapeRight";
				INFOPLIST_KEY_UISupportedInterfaceOrientations_iPhone = "UIInterfaceOrientationPortrait UIInterfaceOrientationLandscapeLeft UIInterfaceOrientationLandscapeRight";
				LD_RUNPATH_SEARCH_PATHS = (
					"$(inherited)",
					"@executable_path/Frameworks",
				);
				MARKETING_VERSION = 1.0;
				PRODUCT_BUNDLE_IDENTIFIER = com.sangesherpa.FreshKtm;
				PRODUCT_NAME = "$(TARGET_NAME)";
				SWIFT_EMIT_LOC_STRINGS = YES;
				SWIFT_VERSION = 5.0;
				TARGETED_DEVICE_FAMILY = "1,2";
			};
			name = Release;
		};
/* End XCBuildConfiguration section */

/* Begin XCConfigurationList section */
		500724732A120F0800A728C3 /* Build configuration list for PBXProject "FreshKtm" */ = {
			isa = XCConfigurationList;
			buildConfigurations = (
				5007248A2A120F0900A728C3 /* Debug */,
				5007248B2A120F0900A728C3 /* Release */,
			);
			defaultConfigurationIsVisible = 0;
			defaultConfigurationName = Release;
		};
		5007248C2A120F0900A728C3 /* Build configuration list for PBXNativeTarget "FreshKtm" */ = {
			isa = XCConfigurationList;
			buildConfigurations = (
				5007248D2A120F0900A728C3 /* Debug */,
				5007248E2A120F0900A728C3 /* Release */,
			);
			defaultConfigurationIsVisible = 0;
			defaultConfigurationName = Release;
		};
/* End XCConfigurationList section */
	};
	rootObject = 500724702A120F0800A728C3 /* Project object */;
}
